
Microsoft Visual Studio Solution File, Format Version 12.00
# Visual Studio Version 17
VisualStudioVersion = 17.6.33815.320
MinimumVisualStudioVersion = 10.0.40219.1
Project("{9A19103F-16F7-4668-BE54-9A1E7A4F7556}") = "CaasId", "CaasId.csproj", "{5AF4E76D-855C-4F12-B7A5-9681E2AD8656}"
EndProject
Project("{54435603-DBB4-11D2-8724-00A0C9A8B90C}") = "SetupCaasId", "..\SetupCaasId\SetupCaasId.vdproj", "{E16F7024-709B-4C5C-9CF5-1EE52E42D349}"
EndProject
Global
	GlobalSection(SolutionConfigurationPlatforms) = preSolution
		Debug|Any CPU = Debug|Any CPU
		Release|Any CPU = Release|Any CPU
	EndGlobalSection
	GlobalSection(ProjectConfigurationPlatforms) = postSolution
		{5AF4E76D-855C-4F12-B7A5-9681E2AD8656}.Debug|Any CPU.ActiveCfg = Debug|Any CPU
		{5AF4E76D-855C-4F12-B7A5-9681E2AD8656}.Debug|Any CPU.Build.0 = Debug|Any CPU
		{5AF4E76D-855C-4F12-B7A5-9681E2AD8656}.Release|Any CPU.ActiveCfg = Release|Any CPU
		{5AF4E76D-855C-4F12-B7A5-9681E2AD8656}.Release|Any CPU.Build.0 = Release|Any CPU
		{E16F7024-709B-4C5C-9CF5-1EE52E42D349}.Debug|Any CPU.ActiveCfg = Debug
		{E16F7024-709B-4C5C-9CF5-1EE52E42D349}.Release|Any CPU.ActiveCfg = Release
	EndGlobalSection
	GlobalSection(SolutionProperties) = preSolution
		HideSolutionNode = FALSE
	EndGlobalSection
	GlobalSection(ExtensibilityGlobals) = postSolution
		SolutionGuid = {16A16C87-FB37-45F8-90FF-67B0FB7C7A24}
	EndGlobalSection
EndGlobal
